
Microsoft Visual Studio Solution File, Format Version 12.00
# Visual Studio Version 17
VisualStudioVersion = 17.9.34616.47
MinimumVisualStudioVersion = 10.0.40219.1
Project("{9A19103F-16F7-4668-BE54-9A1E7A4F7556}") = "Demo", "Demo\Demo.csproj", "{58B61A81-3348-45FC-AF30-4595C76926C4}"
EndProject
Project("{FAE04EC0-301F-11D3-BF4B-00C04F79EFBC}") = "Demo.DataAccess", "Demo.DataAccess\Demo.DataAccess.csproj", "{C4B0E0D0-A2A6-4D03-A0E1-E80161EE7D74}"
EndProject
Project("{FAE04EC0-301F-11D3-BF4B-00C04F79EFBC}") = "Demo.Models", "Demo.Models\Demo.Models.csproj", "{5E008007-57FA-483F-B949-CA2265311E54}"
EndProject
Project("{FAE04EC0-301F-11D3-BF4B-00C04F79EFBC}") = "Demo.Utility", "Demo.Utility\Demo.Utility.csproj", "{B3E44E32-EC4F-4750-A7CC-8D1DDED1F59B}"
EndProject
Global
	GlobalSection(SolutionConfigurationPlatforms) = preSolution
		Debug|Any CPU = Debug|Any CPU
		Release|Any CPU = Release|Any CPU
	EndGlobalSection
	GlobalSection(ProjectConfigurationPlatforms) = postSolution
		{58B61A81-3348-45FC-AF30-4595C76926C4}.Debug|Any CPU.ActiveCfg = Debug|Any CPU
		{58B61A81-3348-45FC-AF30-4595C76926C4}.Debug|Any CPU.Build.0 = Debug|Any CPU
		{58B61A81-3348-45FC-AF30-4595C76926C4}.Release|Any CPU.ActiveCfg = Release|Any CPU
		{58B61A81-3348-45FC-AF30-4595C76926C4}.Release|Any CPU.Build.0 = Release|Any CPU
		{C4B0E0D0-A2A6-4D03-A0E1-E80161EE7D74}.Debug|Any CPU.ActiveCfg = Debug|Any CPU
		{C4B0E0D0-A2A6-4D03-A0E1-E80161EE7D74}.Debug|Any CPU.Build.0 = Debug|Any CPU
		{C4B0E0D0-A2A6-4D03-A0E1-E80161EE7D74}.Release|Any CPU.ActiveCfg = Release|Any CPU
		{C4B0E0D0-A2A6-4D03-A0E1-E80161EE7D74}.Release|Any CPU.Build.0 = Release|Any CPU
		{5E008007-57FA-483F-B949-CA2265311E54}.Debug|Any CPU.ActiveCfg = Debug|Any CPU
		{5E008007-57FA-483F-B949-CA2265311E54}.Debug|Any CPU.Build.0 = Debug|Any CPU
		{5E008007-57FA-483F-B949-CA2265311E54}.Release|Any CPU.ActiveCfg = Release|Any CPU
		{5E008007-57FA-483F-B949-CA2265311E54}.Release|Any CPU.Build.0 = Release|Any CPU
		{B3E44E32-EC4F-4750-A7CC-8D1DDED1F59B}.Debug|Any CPU.ActiveCfg = Debug|Any CPU
		{B3E44E32-EC4F-4750-A7CC-8D1DDED1F59B}.Debug|Any CPU.Build.0 = Debug|Any CPU
		{B3E44E32-EC4F-4750-A7CC-8D1DDED1F59B}.Release|Any CPU.ActiveCfg = Release|Any CPU
		{B3E44E32-EC4F-4750-A7CC-8D1DDED1F59B}.Release|Any CPU.Build.0 = Release|Any CPU
	EndGlobalSection
	GlobalSection(SolutionProperties) = preSolution
		HideSolutionNode = FALSE
	EndGlobalSection
	GlobalSection(ExtensibilityGlobals) = postSolution
		SolutionGuid = {8542F8F8-9055-4136-A081-CA1EA2355D39}
	EndGlobalSection
EndGlobal
